
Microsoft Visual Studio Solution File, Format Version 12.00
# Visual Studio Version 16
VisualStudioVersion = 16.0.29503.13
MinimumVisualStudioVersion = 10.0.40219.1
Project("{FAE04EC0-301F-11D3-BF4B-00C04F79EFBC}") = "IMS", "IMS\IMS.csproj", "{1FA3EA81-97B7-4B0A-9116-4AE8B729C125}"
	ProjectSection(ProjectDependencies) = postProject
		{0BB605C5-7EAB-4719-B0B6-69AEE7029F08} = {0BB605C5-7EAB-4719-B0B6-69AEE7029F08}
	EndProjectSection
EndProject
Project("{FAE04EC0-301F-11D3-BF4B-00C04F79EFBC}") = "IMSService", "IMSService\IMSService.csproj", "{0BB605C5-7EAB-4719-B0B6-69AEE7029F08}"
EndProject
Project("{FAE04EC0-301F-11D3-BF4B-00C04F79EFBC}") = "TestProject", "TestProject\TestProject.csproj", "{20BC2571-D493-4BD1-BA20-C2EFD3322A3A}"
	ProjectSection(ProjectDependencies) = postProject
		{0BB605C5-7EAB-4719-B0B6-69AEE7029F08} = {0BB605C5-7EAB-4719-B0B6-69AEE7029F08}
	EndProjectSection
EndProject
Project("{FAE04EC0-301F-11D3-BF4B-00C04F79EFBC}") = "IMSLibrary", "IMSLibrary\IMSLibrary.csproj", "{A2725DFB-F7A7-4B93-8F1B-E89379CACB1C}"
EndProject
Project("{930C7802-8A8C-48F9-8165-68863BCCD9DD}") = "IMSSetup", "IMSSetup\IMSSetup.wixproj", "{13EEDE2C-5239-42BB-856C-72C3153253EB}"
EndProject
Global
	GlobalSection(SolutionConfigurationPlatforms) = preSolution
		CD_ROM|Any CPU = CD_ROM|Any CPU
		CD_ROM|Mixed Platforms = CD_ROM|Mixed Platforms
		CD_ROM|x64 = CD_ROM|x64
		CD_ROM|x86 = CD_ROM|x86
		Debug|Any CPU = Debug|Any CPU
		Debug|Mixed Platforms = Debug|Mixed Platforms
		Debug|x64 = Debug|x64
		Debug|x86 = Debug|x86
		DVD-5|Any CPU = DVD-5|Any CPU
		DVD-5|Mixed Platforms = DVD-5|Mixed Platforms
		DVD-5|x64 = DVD-5|x64
		DVD-5|x86 = DVD-5|x86
		Release|Any CPU = Release|Any CPU
		Release|Mixed Platforms = Release|Mixed Platforms
		Release|x64 = Release|x64
		Release|x86 = Release|x86
		SingleImage|Any CPU = SingleImage|Any CPU
		SingleImage|Mixed Platforms = SingleImage|Mixed Platforms
		SingleImage|x64 = SingleImage|x64
		SingleImage|x86 = SingleImage|x86
	EndGlobalSection
	GlobalSection(ProjectConfigurationPlatforms) = postSolution
		{1FA3EA81-97B7-4B0A-9116-4AE8B729C125}.CD_ROM|Any CPU.ActiveCfg = Release|Any CPU
		{1FA3EA81-97B7-4B0A-9116-4AE8B729C125}.CD_ROM|Any CPU.Build.0 = Release|Any CPU
		{1FA3EA81-97B7-4B0A-9116-4AE8B729C125}.CD_ROM|Mixed Platforms.ActiveCfg = Debug|Any CPU
		{1FA3EA81-97B7-4B0A-9116-4AE8B729C125}.CD_ROM|Mixed Platforms.Build.0 = Debug|Any CPU
		{1FA3EA81-97B7-4B0A-9116-4AE8B729C125}.CD_ROM|x64.ActiveCfg = Release|x64
		{1FA3EA81-97B7-4B0A-9116-4AE8B729C125}.CD_ROM|x64.Build.0 = Release|x64
		{1FA3EA81-97B7-4B0A-9116-4AE8B729C125}.CD_ROM|x86.ActiveCfg = Debug|Any CPU
		{1FA3EA81-97B7-4B0A-9116-4AE8B729C125}.Debug|Any CPU.ActiveCfg = Debug|Any CPU
		{1FA3EA81-97B7-4B0A-9116-4AE8B729C125}.Debug|Any CPU.Build.0 = Debug|Any CPU
		{1FA3EA81-97B7-4B0A-9116-4AE8B729C125}.Debug|Mixed Platforms.ActiveCfg = Debug|Any CPU
		{1FA3EA81-97B7-4B0A-9116-4AE8B729C125}.Debug|Mixed Platforms.Build.0 = Debug|Any CPU
		{1FA3EA81-97B7-4B0A-9116-4AE8B729C125}.Debug|x64.ActiveCfg = Debug|Any CPU
		{1FA3EA81-97B7-4B0A-9116-4AE8B729C125}.Debug|x64.Build.0 = Debug|Any CPU
		{1FA3EA81-97B7-4B0A-9116-4AE8B729C125}.Debug|x86.ActiveCfg = Debug|Any CPU
		{1FA3EA81-97B7-4B0A-9116-4AE8B729C125}.DVD-5|Any CPU.ActiveCfg = Debug|Any CPU
		{1FA3EA81-97B7-4B0A-9116-4AE8B729C125}.DVD-5|Any CPU.Build.0 = Debug|Any CPU
		{1FA3EA81-97B7-4B0A-9116-4AE8B729C125}.DVD-5|Mixed Platforms.ActiveCfg = Debug|Any CPU
		{1FA3EA81-97B7-4B0A-9116-4AE8B729C125}.DVD-5|Mixed Platforms.Build.0 = Debug|Any CPU
		{1FA3EA81-97B7-4B0A-9116-4AE8B729C125}.DVD-5|x64.ActiveCfg = Debug|x64
		{1FA3EA81-97B7-4B0A-9116-4AE8B729C125}.DVD-5|x64.Build.0 = Debug|x64
		{1FA3EA81-97B7-4B0A-9116-4AE8B729C125}.DVD-5|x86.ActiveCfg = Debug|Any CPU
		{1FA3EA81-97B7-4B0A-9116-4AE8B729C125}.Release|Any CPU.ActiveCfg = Release|Any CPU
		{1FA3EA81-97B7-4B0A-9116-4AE8B729C125}.Release|Any CPU.Build.0 = Release|Any CPU
		{1FA3EA81-97B7-4B0A-9116-4AE8B729C125}.Release|Mixed Platforms.ActiveCfg = Release|Any CPU
		{1FA3EA81-97B7-4B0A-9116-4AE8B729C125}.Release|Mixed Platforms.Build.0 = Release|Any CPU
		{1FA3EA81-97B7-4B0A-9116-4AE8B729C125}.Release|x64.ActiveCfg = Release|x64
		{1FA3EA81-97B7-4B0A-9116-4AE8B729C125}.Release|x64.Build.0 = Release|x64
		{1FA3EA81-97B7-4B0A-9116-4AE8B729C125}.Release|x86.ActiveCfg = Release|Any CPU
		{1FA3EA81-97B7-4B0A-9116-4AE8B729C125}.SingleImage|Any CPU.ActiveCfg = Release|Any CPU
		{1FA3EA81-97B7-4B0A-9116-4AE8B729C125}.SingleImage|Any CPU.Build.0 = Release|Any CPU
		{1FA3EA81-97B7-4B0A-9116-4AE8B729C125}.SingleImage|Mixed Platforms.ActiveCfg = Debug|Any CPU
		{1FA3EA81-97B7-4B0A-9116-4AE8B729C125}.SingleImage|Mixed Platforms.Build.0 = Debug|Any CPU
		{1FA3EA81-97B7-4B0A-9116-4AE8B729C125}.SingleImage|x64.ActiveCfg = Release|x64
		{1FA3EA81-97B7-4B0A-9116-4AE8B729C125}.SingleImage|x64.Build.0 = Release|x64
		{1FA3EA81-97B7-4B0A-9116-4AE8B729C125}.SingleImage|x86.ActiveCfg = Debug|Any CPU
		{0BB605C5-7EAB-4719-B0B6-69AEE7029F08}.CD_ROM|Any CPU.ActiveCfg = Release|Any CPU
		{0BB605C5-7EAB-4719-B0B6-69AEE7029F08}.CD_ROM|Any CPU.Build.0 = Release|Any CPU
		{0BB605C5-7EAB-4719-B0B6-69AEE7029F08}.CD_ROM|Mixed Platforms.ActiveCfg = Debug|Any CPU
		{0BB605C5-7EAB-4719-B0B6-69AEE7029F08}.CD_ROM|Mixed Platforms.Build.0 = Debug|Any CPU
		{0BB605C5-7EAB-4719-B0B6-69AEE7029F08}.CD_ROM|x64.ActiveCfg = Debug|Any CPU
		{0BB605C5-7EAB-4719-B0B6-69AEE7029F08}.CD_ROM|x86.ActiveCfg = Debug|Any CPU
		{0BB605C5-7EAB-4719-B0B6-69AEE7029F08}.Debug|Any CPU.ActiveCfg = Debug|Any CPU
		{0BB605C5-7EAB-4719-B0B6-69AEE7029F08}.Debug|Any CPU.Build.0 = Debug|Any CPU
		{0BB605C5-7EAB-4719-B0B6-69AEE7029F08}.Debug|Mixed Platforms.ActiveCfg = Debug|Any CPU
		{0BB605C5-7EAB-4719-B0B6-69AEE7029F08}.Debug|Mixed Platforms.Build.0 = Debug|Any CPU
		{0BB605C5-7EAB-4719-B0B6-69AEE7029F08}.Debug|x64.ActiveCfg = Debug|Any CPU
		{0BB605C5-7EAB-4719-B0B6-69AEE7029F08}.Debug|x64.Build.0 = Debug|Any CPU
		{0BB605C5-7EAB-4719-B0B6-69AEE7029F08}.Debug|x86.ActiveCfg = Debug|Any CPU
		{0BB605C5-7EAB-4719-B0B6-69AEE7029F08}.DVD-5|Any CPU.ActiveCfg = Debug|Any CPU
		{0BB605C5-7EAB-4719-B0B6-69AEE7029F08}.DVD-5|Any CPU.Build.0 = Debug|Any CPU
		{0BB605C5-7EAB-4719-B0B6-69AEE7029F08}.DVD-5|Mixed Platforms.ActiveCfg = Debug|Any CPU
		{0BB605C5-7EAB-4719-B0B6-69AEE7029F08}.DVD-5|Mixed Platforms.Build.0 = Debug|Any CPU
		{0BB605C5-7EAB-4719-B0B6-69AEE7029F08}.DVD-5|x64.ActiveCfg = Debug|Any CPU
		{0BB605C5-7EAB-4719-B0B6-69AEE7029F08}.DVD-5|x86.ActiveCfg = Debug|Any CPU
		{0BB605C5-7EAB-4719-B0B6-69AEE7029F08}.Release|Any CPU.ActiveCfg = Release|Any CPU
		{0BB605C5-7EAB-4719-B0B6-69AEE7029F08}.Release|Any CPU.Build.0 = Release|Any CPU
		{0BB605C5-7EAB-4719-B0B6-69AEE7029F08}.Release|Mixed Platforms.ActiveCfg = Release|Any CPU
		{0BB605C5-7EAB-4719-B0B6-69AEE7029F08}.Release|Mixed Platforms.Build.0 = Release|Any CPU
		{0BB605C5-7EAB-4719-B0B6-69AEE7029F08}.Release|x64.ActiveCfg = Release|Any CPU
		{0BB605C5-7EAB-4719-B0B6-69AEE7029F08}.Release|x86.ActiveCfg = Release|Any CPU
		{0BB605C5-7EAB-4719-B0B6-69AEE7029F08}.SingleImage|Any CPU.ActiveCfg = Release|Any CPU
		{0BB605C5-7EAB-4719-B0B6-69AEE7029F08}.SingleImage|Any CPU.Build.0 = Release|Any CPU
		{0BB605C5-7EAB-4719-B0B6-69AEE7029F08}.SingleImage|Mixed Platforms.ActiveCfg = Debug|Any CPU
		{0BB605C5-7EAB-4719-B0B6-69AEE7029F08}.SingleImage|Mixed Platforms.Build.0 = Debug|Any CPU
		{0BB605C5-7EAB-4719-B0B6-69AEE7029F08}.SingleImage|x64.ActiveCfg = Debug|Any CPU
		{0BB605C5-7EAB-4719-B0B6-69AEE7029F08}.SingleImage|x86.ActiveCfg = Debug|Any CPU
		{20BC2571-D493-4BD1-BA20-C2EFD3322A3A}.CD_ROM|Any CPU.ActiveCfg = Release|Any CPU
		{20BC2571-D493-4BD1-BA20-C2EFD3322A3A}.CD_ROM|Any CPU.Build.0 = Release|Any CPU
		{20BC2571-D493-4BD1-BA20-C2EFD3322A3A}.CD_ROM|Mixed Platforms.ActiveCfg = Debug|Any CPU
		{20BC2571-D493-4BD1-BA20-C2EFD3322A3A}.CD_ROM|Mixed Platforms.Build.0 = Debug|Any CPU
		{20BC2571-D493-4BD1-BA20-C2EFD3322A3A}.CD_ROM|x64.ActiveCfg = Debug|Any CPU
		{20BC2571-D493-4BD1-BA20-C2EFD3322A3A}.CD_ROM|x86.ActiveCfg = Debug|Any CPU
		{20BC2571-D493-4BD1-BA20-C2EFD3322A3A}.Debug|Any CPU.ActiveCfg = Debug|Any CPU
		{20BC2571-D493-4BD1-BA20-C2EFD3322A3A}.Debug|Any CPU.Build.0 = Debug|Any CPU
		{20BC2571-D493-4BD1-BA20-C2EFD3322A3A}.Debug|Mixed Platforms.ActiveCfg = Debug|Any CPU
		{20BC2571-D493-4BD1-BA20-C2EFD3322A3A}.Debug|x64.ActiveCfg = Debug|Any CPU
		{20BC2571-D493-4BD1-BA20-C2EFD3322A3A}.Debug|x64.Build.0 = Debug|Any CPU
		{20BC2571-D493-4BD1-BA20-C2EFD3322A3A}.Debug|x86.ActiveCfg = Debug|Any CPU
		{20BC2571-D493-4BD1-BA20-C2EFD3322A3A}.DVD-5|Any CPU.ActiveCfg = Debug|Any CPU
		{20BC2571-D493-4BD1-BA20-C2EFD3322A3A}.DVD-5|Any CPU.Build.0 = Debug|Any CPU
		{20BC2571-D493-4BD1-BA20-C2EFD3322A3A}.DVD-5|Mixed Platforms.ActiveCfg = Debug|Any CPU
		{20BC2571-D493-4BD1-BA20-C2EFD3322A3A}.DVD-5|Mixed Platforms.Build.0 = Debug|Any CPU
		{20BC2571-D493-4BD1-BA20-C2EFD3322A3A}.DVD-5|x64.ActiveCfg = Debug|Any CPU
		{20BC2571-D493-4BD1-BA20-C2EFD3322A3A}.DVD-5|x86.ActiveCfg = Debug|Any CPU
		{20BC2571-D493-4BD1-BA20-C2EFD3322A3A}.Release|Any CPU.ActiveCfg = Release|Any CPU
		{20BC2571-D493-4BD1-BA20-C2EFD3322A3A}.Release|Any CPU.Build.0 = Release|Any CPU
		{20BC2571-D493-4BD1-BA20-C2EFD3322A3A}.Release|Mixed Platforms.ActiveCfg = Release|Any CPU
		{20BC2571-D493-4BD1-BA20-C2EFD3322A3A}.Release|Mixed Platforms.Build.0 = Release|Any CPU
		{20BC2571-D493-4BD1-BA20-C2EFD3322A3A}.Release|x64.ActiveCfg = Release|Any CPU
		{20BC2571-D493-4BD1-BA20-C2EFD3322A3A}.Release|x86.ActiveCfg = Release|Any CPU
		{20BC2571-D493-4BD1-BA20-C2EFD3322A3A}.SingleImage|Any CPU.ActiveCfg = Release|Any CPU
		{20BC2571-D493-4BD1-BA20-C2EFD3322A3A}.SingleImage|Any CPU.Build.0 = Release|Any CPU
		{20BC2571-D493-4BD1-BA20-C2EFD3322A3A}.SingleImage|Mixed Platforms.ActiveCfg = Debug|Any CPU
		{20BC2571-D493-4BD1-BA20-C2EFD3322A3A}.SingleImage|Mixed Platforms.Build.0 = Debug|Any CPU
		{20BC2571-D493-4BD1-BA20-C2EFD3322A3A}.SingleImage|x64.ActiveCfg = Debug|Any CPU
		{20BC2571-D493-4BD1-BA20-C2EFD3322A3A}.SingleImage|x86.ActiveCfg = Debug|Any CPU
		{A2725DFB-F7A7-4B93-8F1B-E89379CACB1C}.CD_ROM|Any CPU.ActiveCfg = Release|Any CPU
		{A2725DFB-F7A7-4B93-8F1B-E89379CACB1C}.CD_ROM|Any CPU.Build.0 = Release|Any CPU
		{A2725DFB-F7A7-4B93-8F1B-E89379CACB1C}.CD_ROM|Mixed Platforms.ActiveCfg = Debug|Any CPU
		{A2725DFB-F7A7-4B93-8F1B-E89379CACB1C}.CD_ROM|Mixed Platforms.Build.0 = Debug|Any CPU
		{A2725DFB-F7A7-4B93-8F1B-E89379CACB1C}.CD_ROM|x64.ActiveCfg = Debug|Any CPU
		{A2725DFB-F7A7-4B93-8F1B-E89379CACB1C}.CD_ROM|x86.ActiveCfg = Debug|Any CPU
		{A2725DFB-F7A7-4B93-8F1B-E89379CACB1C}.Debug|Any CPU.ActiveCfg = Debug|Any CPU
		{A2725DFB-F7A7-4B93-8F1B-E89379CACB1C}.Debug|Any CPU.Build.0 = Debug|Any CPU
		{A2725DFB-F7A7-4B93-8F1B-E89379CACB1C}.Debug|Mixed Platforms.ActiveCfg = Debug|Any CPU
		{A2725DFB-F7A7-4B93-8F1B-E89379CACB1C}.Debug|Mixed Platforms.Build.0 = Debug|Any CPU
		{A2725DFB-F7A7-4B93-8F1B-E89379CACB1C}.Debug|x64.ActiveCfg = Debug|Any CPU
		{A2725DFB-F7A7-4B93-8F1B-E89379CACB1C}.Debug|x64.Build.0 = Debug|Any CPU
		{A2725DFB-F7A7-4B93-8F1B-E89379CACB1C}.Debug|x86.ActiveCfg = Debug|Any CPU
		{A2725DFB-F7A7-4B93-8F1B-E89379CACB1C}.DVD-5|Any CPU.ActiveCfg = Debug|Any CPU
		{A2725DFB-F7A7-4B93-8F1B-E89379CACB1C}.DVD-5|Any CPU.Build.0 = Debug|Any CPU
		{A2725DFB-F7A7-4B93-8F1B-E89379CACB1C}.DVD-5|Mixed Platforms.ActiveCfg = Debug|Any CPU
		{A2725DFB-F7A7-4B93-8F1B-E89379CACB1C}.DVD-5|Mixed Platforms.Build.0 = Debug|Any CPU
		{A2725DFB-F7A7-4B93-8F1B-E89379CACB1C}.DVD-5|x64.ActiveCfg = Debug|Any CPU
		{A2725DFB-F7A7-4B93-8F1B-E89379CACB1C}.DVD-5|x86.ActiveCfg = Debug|Any CPU
		{A2725DFB-F7A7-4B93-8F1B-E89379CACB1C}.Release|Any CPU.ActiveCfg = Release|Any CPU
		{A2725DFB-F7A7-4B93-8F1B-E89379CACB1C}.Release|Any CPU.Build.0 = Release|Any CPU
		{A2725DFB-F7A7-4B93-8F1B-E89379CACB1C}.Release|Mixed Platforms.ActiveCfg = Release|Any CPU
		{A2725DFB-F7A7-4B93-8F1B-E89379CACB1C}.Release|Mixed Platforms.Build.0 = Release|Any CPU
		{A2725DFB-F7A7-4B93-8F1B-E89379CACB1C}.Release|x64.ActiveCfg = Release|Any CPU
		{A2725DFB-F7A7-4B93-8F1B-E89379CACB1C}.Release|x86.ActiveCfg = Release|Any CPU
		{A2725DFB-F7A7-4B93-8F1B-E89379CACB1C}.SingleImage|Any CPU.ActiveCfg = Release|Any CPU
		{A2725DFB-F7A7-4B93-8F1B-E89379CACB1C}.SingleImage|Any CPU.Build.0 = Release|Any CPU
		{A2725DFB-F7A7-4B93-8F1B-E89379CACB1C}.SingleImage|Mixed Platforms.ActiveCfg = Debug|Any CPU
		{A2725DFB-F7A7-4B93-8F1B-E89379CACB1C}.SingleImage|Mixed Platforms.Build.0 = Debug|Any CPU
		{A2725DFB-F7A7-4B93-8F1B-E89379CACB1C}.SingleImage|x64.ActiveCfg = Debug|Any CPU
		{A2725DFB-F7A7-4B93-8F1B-E89379CACB1C}.SingleImage|x86.ActiveCfg = Debug|Any CPU
		{13EEDE2C-5239-42BB-856C-72C3153253EB}.CD_ROM|Any CPU.ActiveCfg = Release|x86
		{13EEDE2C-5239-42BB-856C-72C3153253EB}.CD_ROM|Mixed Platforms.ActiveCfg = Release|x86
		{13EEDE2C-5239-42BB-856C-72C3153253EB}.CD_ROM|Mixed Platforms.Build.0 = Release|x86
		{13EEDE2C-5239-42BB-856C-72C3153253EB}.CD_ROM|x64.ActiveCfg = Release|x86
		{13EEDE2C-5239-42BB-856C-72C3153253EB}.CD_ROM|x86.ActiveCfg = Release|x86
		{13EEDE2C-5239-42BB-856C-72C3153253EB}.CD_ROM|x86.Build.0 = Release|x86
		{13EEDE2C-5239-42BB-856C-72C3153253EB}.Debug|Any CPU.ActiveCfg = Debug|x86
		{13EEDE2C-5239-42BB-856C-72C3153253EB}.Debug|Mixed Platforms.ActiveCfg = Debug|x86
		{13EEDE2C-5239-42BB-856C-72C3153253EB}.Debug|Mixed Platforms.Build.0 = Debug|x86
		{13EEDE2C-5239-42BB-856C-72C3153253EB}.Debug|x64.ActiveCfg = Debug|x86
		{13EEDE2C-5239-42BB-856C-72C3153253EB}.Debug|x86.ActiveCfg = Debug|x86
		{13EEDE2C-5239-42BB-856C-72C3153253EB}.Debug|x86.Build.0 = Debug|x86
		{13EEDE2C-5239-42BB-856C-72C3153253EB}.DVD-5|Any CPU.ActiveCfg = Debug|x86
		{13EEDE2C-5239-42BB-856C-72C3153253EB}.DVD-5|Mixed Platforms.ActiveCfg = Debug|x86
		{13EEDE2C-5239-42BB-856C-72C3153253EB}.DVD-5|Mixed Platforms.Build.0 = Debug|x86
		{13EEDE2C-5239-42BB-856C-72C3153253EB}.DVD-5|x64.ActiveCfg = Debug|x86
		{13EEDE2C-5239-42BB-856C-72C3153253EB}.DVD-5|x86.ActiveCfg = Debug|x86
		{13EEDE2C-5239-42BB-856C-72C3153253EB}.DVD-5|x86.Build.0 = Debug|x86
		{13EEDE2C-5239-42BB-856C-72C3153253EB}.Release|Any CPU.ActiveCfg = Release|x86
		{13EEDE2C-5239-42BB-856C-72C3153253EB}.Release|Mixed Platforms.ActiveCfg = Release|x86
		{13EEDE2C-5239-42BB-856C-72C3153253EB}.Release|Mixed Platforms.Build.0 = Release|x86
		{13EEDE2C-5239-42BB-856C-72C3153253EB}.Release|x64.ActiveCfg = Release|x86
		{13EEDE2C-5239-42BB-856C-72C3153253EB}.Release|x86.ActiveCfg = Release|x86
		{13EEDE2C-5239-42BB-856C-72C3153253EB}.Release|x86.Build.0 = Release|x86
		{13EEDE2C-5239-42BB-856C-72C3153253EB}.SingleImage|Any CPU.ActiveCfg = Release|x86
		{13EEDE2C-5239-42BB-856C-72C3153253EB}.SingleImage|Mixed Platforms.ActiveCfg = Release|x86
		{13EEDE2C-5239-42BB-856C-72C3153253EB}.SingleImage|Mixed Platforms.Build.0 = Release|x86
		{13EEDE2C-5239-42BB-856C-72C3153253EB}.SingleImage|x64.ActiveCfg = Release|x86
		{13EEDE2C-5239-42BB-856C-72C3153253EB}.SingleImage|x86.ActiveCfg = Release|x86
		{13EEDE2C-5239-42BB-856C-72C3153253EB}.SingleImage|x86.Build.0 = Release|x86
	EndGlobalSection
	GlobalSection(SolutionProperties) = preSolution
		HideSolutionNode = FALSE
	EndGlobalSection
	GlobalSection(ExtensibilityGlobals) = postSolution
		SolutionGuid = {0F3570CF-054A-4F80-95EC-5B41D3308B35}
	EndGlobalSection
	GlobalSection(TeamFoundationVersionControl) = preSolution
		SccNumberOfProjects = 6
		SccEnterpriseProvider = {4CA58AB2-18FA-4F8D-95D4-32DDF27D184C}
		SccTeamFoundationServer = https://dev.azure.com/rohan9022
		SccLocalPath0 = .
		SccProjectUniqueName1 = IMS\\IMS.csproj
		SccProjectName1 = IMS
		SccLocalPath1 = IMS
		SccProjectUniqueName2 = IMSLibrary\\IMSLibrary.csproj
		SccProjectName2 = IMSLibrary
		SccLocalPath2 = IMSLibrary
		SccProjectUniqueName3 = IMSService\\IMSService.csproj
		SccProjectName3 = IMSService
		SccLocalPath3 = IMSService
		SccProjectUniqueName4 = IMSSetup\\IMSSetup.wixproj
		SccProjectName4 = IMSSetup
		SccLocalPath4 = IMSSetup
		SccProjectUniqueName5 = TestProject\\TestProject.csproj
		SccProjectName5 = TestProject
		SccLocalPath5 = TestProject
	EndGlobalSection
EndGlobal
